
Microsoft Visual Studio Solution File, Format Version 12.00
# Visual Studio 2013
VisualStudioVersion = 12.0.30723.0
MinimumVisualStudioVersion = 10.0.40219.1
Project("{FAE04EC0-301F-11D3-BF4B-00C04F79EFBC}") = "Students", "Students\Students.csproj", "{3832F47A-295D-4A2B-BB80-58D1FAEF3CB4}"
EndProject
Project("{FAE04EC0-301F-11D3-BF4B-00C04F79EFBC}") = "DAL", "DAL\DAL.csproj", "{12AD27D4-AB93-4CFF-A8F8-A3877B3342E8}"
EndProject
Project("{FAE04EC0-301F-11D3-BF4B-00C04F79EFBC}") = "Entities", "Entities\Entities.csproj", "{B639C262-05A8-4879-878C-29142C299816}"
EndProject
Project("{FAE04EC0-301F-11D3-BF4B-00C04F79EFBC}") = "BL", "BL\BL.csproj", "{48499850-4613-4DD7-BA26-23439EFE3739}"
EndProject
Global
	GlobalSection(SolutionConfigurationPlatforms) = preSolution
		Debug|Any CPU = Debug|Any CPU
		Release|Any CPU = Release|Any CPU
	EndGlobalSection
	GlobalSection(ProjectConfigurationPlatforms) = postSolution
		{3832F47A-295D-4A2B-BB80-58D1FAEF3CB4}.Debug|Any CPU.ActiveCfg = Debug|Any CPU
		{3832F47A-295D-4A2B-BB80-58D1FAEF3CB4}.Debug|Any CPU.Build.0 = Debug|Any CPU
		{3832F47A-295D-4A2B-BB80-58D1FAEF3CB4}.Release|Any CPU.ActiveCfg = Release|Any CPU
		{3832F47A-295D-4A2B-BB80-58D1FAEF3CB4}.Release|Any CPU.Build.0 = Release|Any CPU
		{12AD27D4-AB93-4CFF-A8F8-A3877B3342E8}.Debug|Any CPU.ActiveCfg = Debug|Any CPU
		{12AD27D4-AB93-4CFF-A8F8-A3877B3342E8}.Debug|Any CPU.Build.0 = Debug|Any CPU
		{12AD27D4-AB93-4CFF-A8F8-A3877B3342E8}.Release|Any CPU.ActiveCfg = Release|Any CPU
		{12AD27D4-AB93-4CFF-A8F8-A3877B3342E8}.Release|Any CPU.Build.0 = Release|Any CPU
		{B639C262-05A8-4879-878C-29142C299816}.Debug|Any CPU.ActiveCfg = Debug|Any CPU
		{B639C262-05A8-4879-878C-29142C299816}.Debug|Any CPU.Build.0 = Debug|Any CPU
		{B639C262-05A8-4879-878C-29142C299816}.Release|Any CPU.ActiveCfg = Release|Any CPU
		{B639C262-05A8-4879-878C-29142C299816}.Release|Any CPU.Build.0 = Release|Any CPU
		{48499850-4613-4DD7-BA26-23439EFE3739}.Debug|Any CPU.ActiveCfg = Debug|Any CPU
		{48499850-4613-4DD7-BA26-23439EFE3739}.Debug|Any CPU.Build.0 = Debug|Any CPU
		{48499850-4613-4DD7-BA26-23439EFE3739}.Release|Any CPU.ActiveCfg = Release|Any CPU
		{48499850-4613-4DD7-BA26-23439EFE3739}.Release|Any CPU.Build.0 = Release|Any CPU
	EndGlobalSection
	GlobalSection(SolutionProperties) = preSolution
		HideSolutionNode = FALSE
	EndGlobalSection
EndGlobal
